
Microsoft Visual Studio Solution File, Format Version 12.00
# Visual Studio Version 16
VisualStudioVersion = 16.0.30804.86
MinimumVisualStudioVersion = 10.0.40219.1
Project("{FAE04EC0-301F-11D3-BF4B-00C04F79EFBC}") = "DrawingTool_remake_ver1", "DrawingTool_remake_ver1\DrawingTool_remake_ver1.csproj", "{11480911-52A7-42F0-8EF0-FFA3650FD689}"
EndProject
Global
	GlobalSection(SolutionConfigurationPlatforms) = preSolution
		Debug|Any CPU = Debug|Any CPU
		Release|Any CPU = Release|Any CPU
	EndGlobalSection
	GlobalSection(ProjectConfigurationPlatforms) = postSolution
		{11480911-52A7-42F0-8EF0-FFA3650FD689}.Debug|Any CPU.ActiveCfg = Debug|Any CPU
		{11480911-52A7-42F0-8EF0-FFA3650FD689}.Debug|Any CPU.Build.0 = Debug|Any CPU
		{11480911-52A7-42F0-8EF0-FFA3650FD689}.Release|Any CPU.ActiveCfg = Release|Any CPU
		{11480911-52A7-42F0-8EF0-FFA3650FD689}.Release|Any CPU.Build.0 = Release|Any CPU
	EndGlobalSection
	GlobalSection(SolutionProperties) = preSolution
		HideSolutionNode = FALSE
	EndGlobalSection
	GlobalSection(ExtensibilityGlobals) = postSolution
		SolutionGuid = {A0286073-C036-4825-952B-7E4862799219}
	EndGlobalSection
EndGlobal
